// !$*UTF8*$!
{
	archiveVersion = 1;
	classes = {
	};
	objectVersion = 50;
	objects = {

/* Begin PBXBuildFile section */
		6D1B5A08217E713700123293 /* AppDelegate.swift in Sources */ = {isa = PBXBuildFile; fileRef = 6D1B5A07217E713700123293 /* AppDelegate.swift */; };
		6D1B5A0A217E713700123293 /* ViewController.swift in Sources */ = {isa = PBXBuildFile; fileRef = 6D1B5A09217E713700123293 /* ViewController.swift */; };
		6D1B5A0D217E713700123293 /* Main.storyboard in Resources */ = {isa = PBXBuildFile; fileRef = 6D1B5A0B217E713700123293 /* Main.storyboard */; };
		6D1B5A0F217E713800123293 /* Assets.xcassets in Resources */ = {isa = PBXBuildFile; fileRef = 6D1B5A0E217E713800123293 /* Assets.xcassets */; };
		6D1B5A12217E713800123293 /* LaunchScreen.storyboard in Resources */ = {isa = PBXBuildFile; fileRef = 6D1B5A10217E713800123293 /* LaunchScreen.storyboard */; };
		6D1B5A1D217E713800123293 /* HelloReceiptClassifierTests.swift in Sources */ = {isa = PBXBuildFile; fileRef = 6D1B5A1C217E713800123293 /* HelloReceiptClassifierTests.swift */; };
		6D1B5A28217E713800123293 /* HelloReceiptClassifierUITests.swift in Sources */ = {isa = PBXBuildFile; fileRef = 6D1B5A27217E713800123293 /* HelloReceiptClassifierUITests.swift */; };
		6DF01041217EDE8A00CFD4F2 /* AllImagesCollectionViewController.swift in Sources */ = {isa = PBXBuildFile; fileRef = 6DF01040217EDE8A00CFD4F2 /* AllImagesCollectionViewController.swift */; };
		6DF01043217EDEC200CFD4F2 /* Image.swift in Sources */ = {isa = PBXBuildFile; fileRef = 6DF01042217EDEC200CFD4F2 /* Image.swift */; };
		6DF01045217EDF4200CFD4F2 /* ImageCollectionViewCell.swift in Sources */ = {isa = PBXBuildFile; fileRef = 6DF01044217EDF4200CFD4F2 /* ImageCollectionViewCell.swift */; };
		6DF01047217EE71700CFD4F2 /* ReceiptCollectionViewController.swift in Sources */ = {isa = PBXBuildFile; fileRef = 6DF01046217EE71700CFD4F2 /* ReceiptCollectionViewController.swift */; };
		6DF01049217EE87200CFD4F2 /* ImageProcessor.swift in Sources */ = {isa = PBXBuildFile; fileRef = 6DF01048217EE87200CFD4F2 /* ImageProcessor.swift */; };
		6DF0104B217EEAF600CFD4F2 /* ReceiptCollectionViewCell.swift in Sources */ = {isa = PBXBuildFile; fileRef = 6DF0104A217EEAF600CFD4F2 /* ReceiptCollectionViewCell.swift */; };
		6DF0104F218B627100CFD4F2 /* ReceiptsClassifier.mlmodel in Sources */ = {isa = PBXBuildFile; fileRef = 6DF0104E218B627100CFD4F2 /* ReceiptsClassifier.mlmodel */; };
/* End PBXBuildFile section */

/* Begin PBXContainerItemProxy section */
		6D1B5A19217E713800123293 /* PBXContainerItemProxy */ = {
			isa = PBXContainerItemProxy;
			containerPortal = 6D1B59FC217E713700123293 /* Project object */;
			proxyType = 1;
			remoteGlobalIDString = 6D1B5A03217E713700123293;
			remoteInfo = HelloReceiptClassifier;
		};
		6D1B5A24217E713800123293 /* PBXContainerItemProxy */ = {
			isa = PBXContainerItemProxy;
			containerPortal = 6D1B59FC217E713700123293 /* Project object */;
			proxyType = 1;
			remoteGlobalIDString = 6D1B5A03217E713700123293;
			remoteInfo = HelloReceiptClassifier;
		};
/* End PBXContainerItemProxy section */

/* Begin PBXFileReference section */
		6D1B5A04217E713700123293 /* HelloReceiptClassifier.app */ = {isa = PBXFileReference; explicitFileType = wrapper.application; includeInIndex = 0; path = HelloReceiptClassifier.app; sourceTree = BUILT_PRODUCTS_DIR; };
		6D1B5A07217E713700123293 /* AppDelegate.swift */ = {isa = PBXFileReference; lastKnownFileType = sourcecode.swift; path = AppDelegate.swift; sourceTree = "<group>"; };
		6D1B5A09217E713700123293 /* ViewController.swift */ = {isa = PBXFileReference; lastKnownFileType = sourcecode.swift; path = ViewController.swift; sourceTree = "<group>"; };
		6D1B5A0C217E713700123293 /* Base */ = {isa = PBXFileReference; lastKnownFileType = file.storyboard; name = Base; path = Base.lproj/Main.storyboard; sourceTree = "<group>"; };
		6D1B5A0E217E713800123293 /* Assets.xcassets */ = {isa = PBXFileReference; lastKnownFileType = folder.assetcatalog; path = Assets.xcassets; sourceTree = "<group>"; };
		6D1B5A11217E713800123293 /* Base */ = {isa = PBXFileReference; lastKnownFileType = file.storyboard; name = Base; path = Base.lproj/LaunchScreen.storyboard; sourceTree = "<group>"; };
		6D1B5A13217E713800123293 /* Info.plist */ = {isa = PBXFileReference; lastKnownFileType = text.plist.xml; path = Info.plist; sourceTree = "<group>"; };
		6D1B5A18217E713800123293 /* HelloReceiptClassifierTests.xctest */ = {isa = PBXFileReference; explicitFileType = wrapper.cfbundle; includeInIndex = 0; path = HelloReceiptClassifierTests.xctest; sourceTree = BUILT_PRODUCTS_DIR; };
		6D1B5A1C217E713800123293 /* HelloReceiptClassifierTests.swift */ = {isa = PBXFileReference; lastKnownFileType = sourcecode.swift; path = HelloReceiptClassifierTests.swift; sourceTree = "<group>"; };
		6D1B5A1E217E713800123293 /* Info.plist */ = {isa = PBXFileReference; lastKnownFileType = text.plist.xml; path = Info.plist; sourceTree = "<group>"; };
		6D1B5A23217E713800123293 /* HelloReceiptClassifierUITests.xctest */ = {isa = PBXFileReference; explicitFileType = wrapper.cfbundle; includeInIndex = 0; path = HelloReceiptClassifierUITests.xctest; sourceTree = BUILT_PRODUCTS_DIR; };
		6D1B5A27217E713800123293 /* HelloReceiptClassifierUITests.swift */ = {isa = PBXFileReference; lastKnownFileType = sourcecode.swift; path = HelloReceiptClassifierUITests.swift; sourceTree = "<group>"; };
		6D1B5A29217E713800123293 /* Info.plist */ = {isa = PBXFileReference; lastKnownFileType = text.plist.xml; path = Info.plist; sourceTree = "<group>"; };
		6DF01040217EDE8A00CFD4F2 /* AllImagesCollectionViewController.swift */ = {isa = PBXFileReference; lastKnownFileType = sourcecode.swift; path = AllImagesCollectionViewController.swift; sourceTree = "<group>"; };
		6DF01042217EDEC200CFD4F2 /* Image.swift */ = {isa = PBXFileReference; lastKnownFileType = sourcecode.swift; path = Image.swift; sourceTree = "<group>"; };
		6DF01044217EDF4200CFD4F2 /* ImageCollectionViewCell.swift */ = {isa = PBXFileReference; lastKnownFileType = sourcecode.swift; path = ImageCollectionViewCell.swift; sourceTree = "<group>"; };
		6DF01046217EE71700CFD4F2 /* ReceiptCollectionViewController.swift */ = {isa = PBXFileReference; lastKnownFileType = sourcecode.swift; path = ReceiptCollectionViewController.swift; sourceTree = "<group>"; };
		6DF01048217EE87200CFD4F2 /* ImageProcessor.swift */ = {isa = PBXFileReference; lastKnownFileType = sourcecode.swift; path = ImageProcessor.swift; sourceTree = "<group>"; };
		6DF0104A217EEAF600CFD4F2 /* ReceiptCollectionViewCell.swift */ = {isa = PBXFileReference; lastKnownFileType = sourcecode.swift; path = ReceiptCollectionViewCell.swift; sourceTree = "<group>"; };
		6DF0104E218B627100CFD4F2 /* ReceiptsClassifier.mlmodel */ = {isa = PBXFileReference; lastKnownFileType = file.mlmodel; name = ReceiptsClassifier.mlmodel; path = ../../../../Desktop/ReceiptsClassifier/ReceiptsClassifier.mlmodel; sourceTree = "<group>"; };
/* End PBXFileReference section */

/* Begin PBXFrameworksBuildPhase section */
		6D1B5A01217E713700123293 /* Frameworks */ = {
			isa = PBXFrameworksBuildPhase;
			buildActionMask = 2147483647;
			files = (
			);
			runOnlyForDeploymentPostprocessing = 0;
		};
		6D1B5A15217E713800123293 /* Frameworks */ = {
			isa = PBXFrameworksBuildPhase;
			buildActionMask = 2147483647;
			files = (
			);
			runOnlyForDeploymentPostprocessing = 0;
		};
		6D1B5A20217E713800123293 /* Frameworks */ = {
			isa = PBXFrameworksBuildPhase;
			buildActionMask = 2147483647;
			files = (
			);
			runOnlyForDeploymentPostprocessing = 0;
		};
/* End PBXFrameworksBuildPhase section */

/* Begin PBXGroup section */
		6D1B59FB217E713700123293 = {
			isa = PBXGroup;
			children = (
				6D1B5A06217E713700123293 /* HelloReceiptClassifier */,
				6D1B5A1B217E713800123293 /* HelloReceiptClassifierTests */,
				6D1B5A26217E713800123293 /* HelloReceiptClassifierUITests */,
				6D1B5A05217E713700123293 /* Products */,
			);
			sourceTree = "<group>";
		};
		6D1B5A05217E713700123293 /* Products */ = {
			isa = PBXGroup;
			children = (
				6D1B5A04217E713700123293 /* HelloReceiptClassifier.app */,
				6D1B5A18217E713800123293 /* HelloReceiptClassifierTests.xctest */,
				6D1B5A23217E713800123293 /* HelloReceiptClassifierUITests.xctest */,
			);
			name = Products;
			sourceTree = "<group>";
		};
		6D1B5A06217E713700123293 /* HelloReceiptClassifier */ = {
			isa = PBXGroup;
			children = (
				6D1B5A07217E713700123293 /* AppDelegate.swift */,
				6D1B5A09217E713700123293 /* ViewController.swift */,
				6D1B5A0B217E713700123293 /* Main.storyboard */,
				6D1B5A0E217E713800123293 /* Assets.xcassets */,
				6DF0104E218B627100CFD4F2 /* ReceiptsClassifier.mlmodel */,
				6D1B5A10217E713800123293 /* LaunchScreen.storyboard */,
				6D1B5A13217E713800123293 /* Info.plist */,
				6DF01040217EDE8A00CFD4F2 /* AllImagesCollectionViewController.swift */,
				6DF01042217EDEC200CFD4F2 /* Image.swift */,
				6DF01044217EDF4200CFD4F2 /* ImageCollectionViewCell.swift */,
				6DF01046217EE71700CFD4F2 /* ReceiptCollectionViewController.swift */,
				6DF01048217EE87200CFD4F2 /* ImageProcessor.swift */,
				6DF0104A217EEAF600CFD4F2 /* ReceiptCollectionViewCell.swift */,
			);
			path = HelloReceiptClassifier;
			sourceTree = "<group>";
		};
		6D1B5A1B217E713800123293 /* HelloReceiptClassifierTests */ = {
			isa = PBXGroup;
			children = (
				6D1B5A1C217E713800123293 /* HelloReceiptClassifierTests.swift */,
				6D1B5A1E217E713800123293 /* Info.plist */,
			);
			path = HelloReceiptClassifierTests;
			sourceTree = "<group>";
		};
		6D1B5A26217E713800123293 /* HelloReceiptClassifierUITests */ = {
			isa = PBXGroup;
			children = (
				6D1B5A27217E713800123293 /* HelloReceiptClassifierUITests.swift */,
				6D1B5A29217E713800123293 /* Info.plist */,
			);
			path = HelloReceiptClassifierUITests;
			sourceTree = "<group>";
		};
/* End PBXGroup section */

/* Begin PBXNativeTarget section */
		6D1B5A03217E713700123293 /* HelloReceiptClassifier */ = {
			isa = PBXNativeTarget;
			buildConfigurationList = 6D1B5A2C217E713800123293 /* Build configuration list for PBXNativeTarget "HelloReceiptClassifier" */;
			buildPhases = (
				6D1B5A00217E713700123293 /* Sources */,
				6D1B5A01217E713700123293 /* Frameworks */,
				6D1B5A02217E713700123293 /* Resources */,
			);
			buildRules = (
			);
			dependencies = (
			);
			name = HelloReceiptClassifier;
			productName = HelloReceiptClassifier;
			productReference = 6D1B5A04217E713700123293 /* HelloReceiptClassifier.app */;
			productType = "com.apple.product-type.application";
		};
		6D1B5A17217E713800123293 /* HelloReceiptClassifierTests */ = {
			isa = PBXNativeTarget;
			buildConfigurationList = 6D1B5A2F217E713800123293 /* Build configuration list for PBXNativeTarget "HelloReceiptClassifierTests" */;
			buildPhases = (
				6D1B5A14217E713800123293 /* Sources */,
				6D1B5A15217E713800123293 /* Frameworks */,
				6D1B5A16217E713800123293 /* Resources */,
			);
			buildRules = (
			);
			dependencies = (
				6D1B5A1A217E713800123293 /* PBXTargetDependency */,
			);
			name = HelloReceiptClassifierTests;
			productName = HelloReceiptClassifierTests;
			productReference = 6D1B5A18217E713800123293 /* HelloReceiptClassifierTests.xctest */;
			productType = "com.apple.product-type.bundle.unit-test";
		};
		6D1B5A22217E713800123293 /* HelloReceiptClassifierUITests */ = {
			isa = PBXNativeTarget;
			buildConfigurationList = 6D1B5A32217E713800123293 /* Build configuration list for PBXNativeTarget "HelloReceiptClassifierUITests" */;
			buildPhases = (
				6D1B5A1F217E713800123293 /* Sources */,
				6D1B5A20217E713800123293 /* Frameworks */,
				6D1B5A21217E713800123293 /* Resources */,
			);
			buildRules = (
			);
			dependencies = (
				6D1B5A25217E713800123293 /* PBXTargetDependency */,
			);
			name = HelloReceiptClassifierUITests;
			productName = HelloReceiptClassifierUITests;
			productReference = 6D1B5A23217E713800123293 /* HelloReceiptClassifierUITests.xctest */;
			productType = "com.apple.product-type.bundle.ui-testing";
		};
/* End PBXNativeTarget section */

/* Begin PBXProject section */
		6D1B59FC217E713700123293 /* Project object */ = {
			isa = PBXProject;
			attributes = {
				LastSwiftUpdateCheck = 1000;
				LastUpgradeCheck = 1000;
				ORGANIZATIONNAME = Vijay;
				TargetAttributes = {
					6D1B5A03217E713700123293 = {
						CreatedOnToolsVersion = 10.0;
					};
					6D1B5A17217E713800123293 = {
						CreatedOnToolsVersion = 10.0;
						TestTargetID = 6D1B5A03217E713700123293;
					};
					6D1B5A22217E713800123293 = {
						CreatedOnToolsVersion = 10.0;
						TestTargetID = 6D1B5A03217E713700123293;
					};
				};
			};
			buildConfigurationList = 6D1B59FF217E713700123293 /* Build configuration list for PBXProject "HelloReceiptClassifier" */;
			compatibilityVersion = "Xcode 9.3";
			developmentRegion = en;
			hasScannedForEncodings = 0;
			knownRegions = (
				en,
				Base,
			);
			mainGroup = 6D1B59FB217E713700123293;
			productRefGroup = 6D1B5A05217E713700123293 /* Products */;
			projectDirPath = "";
			projectRoot = "";
			targets = (
				6D1B5A03217E713700123293 /* HelloReceiptClassifier */,
				6D1B5A17217E713800123293 /* HelloReceiptClassifierTests */,
				6D1B5A22217E713800123293 /* HelloReceiptClassifierUITests */,
			);
		};
/* End PBXProject section */

/* Begin PBXResourcesBuildPhase section */
		6D1B5A02217E713700123293 /* Resources */ = {
			isa = PBXResourcesBuildPhase;
			buildActionMask = 2147483647;
			files = (
				6D1B5A12217E713800123293 /* LaunchScreen.storyboard in Resources */,
				6D1B5A0F217E713800123293 /* Assets.xcassets in Resources */,
				6D1B5A0D217E713700123293 /* Main.storyboard in Resources */,
			);
			runOnlyForDeploymentPostprocessing = 0;
		};
		6D1B5A16217E713800123293 /* Resources */ = {
			isa = PBXResourcesBuildPhase;
			buildActionMask = 2147483647;
			files = (
			);
			runOnlyForDeploymentPostprocessing = 0;
		};
		6D1B5A21217E713800123293 /* Resources */ = {
			isa = PBXResourcesBuildPhase;
			buildActionMask = 2147483647;
			files = (
			);
			runOnlyForDeploymentPostprocessing = 0;
		};
/* End PBXResourcesBuildPhase section */

/* Begin PBXSourcesBuildPhase section */
		6D1B5A00217E713700123293 /* Sources */ = {
			isa = PBXSourcesBuildPhase;
			buildActionMask = 2147483647;
			files = (
				6DF01045217EDF4200CFD4F2 /* ImageCollectionViewCell.swift in Sources */,
				6D1B5A0A217E713700123293 /* ViewController.swift in Sources */,
				6DF01049217EE87200CFD4F2 /* ImageProcessor.swift in Sources */,
				6DF0104B217EEAF600CFD4F2 /* ReceiptCollectionViewCell.swift in Sources */,
				6DF01041217EDE8A00CFD4F2 /* AllImagesCollectionViewController.swift in Sources */,
				6DF01047217EE71700CFD4F2 /* ReceiptCollectionViewController.swift in Sources */,
				6DF0104F218B627100CFD4F2 /* ReceiptsClassifier.mlmodel in Sources */,
				6D1B5A08217E713700123293 /* AppDelegate.swift in Sources */,
				6DF01043217EDEC200CFD4F2 /* Image.swift in Sources */,
			);
			runOnlyForDeploymentPostprocessing = 0;
		};
		6D1B5A14217E713800123293 /* Sources */ = {
			isa = PBXSourcesBuildPhase;
			buildActionMask = 2147483647;
			files = (
				6D1B5A1D217E713800123293 /* HelloReceiptClassifierTests.swift in Sources */,
			);
			runOnlyForDeploymentPostprocessing = 0;
		};
		6D1B5A1F217E713800123293 /* Sources */ = {
			isa = PBXSourcesBuildPhase;
			buildActionMask = 2147483647;
			files = (
				6D1B5A28217E713800123293 /* HelloReceiptClassifierUITests.swift in Sources */,
			);
			runOnlyForDeploymentPostprocessing = 0;
		};
/* End PBXSourcesBuildPhase section */

/* Begin PBXTargetDependency section */
		6D1B5A1A217E713800123293 /* PBXTargetDependency */ = {
			isa = PBXTargetDependency;
			target = 6D1B5A03217E713700123293 /* HelloReceiptClassifier */;
			targetProxy = 6D1B5A19217E713800123293 /* PBXContainerItemProxy */;
		};
		6D1B5A25217E713800123293 /* PBXTargetDependency */ = {
			isa = PBXTargetDependency;
			target = 6D1B5A03217E713700123293 /* HelloReceiptClassifier */;
			targetProxy = 6D1B5A24217E713800123293 /* PBXContainerItemProxy */;
		};
/* End PBXTargetDependency section */

/* Begin PBXVariantGroup section */
		6D1B5A0B217E713700123293 /* Main.storyboard */ = {
			isa = PBXVariantGroup;
			children = (
				6D1B5A0C217E713700123293 /* Base */,
			);
			name = Main.storyboard;
			sourceTree = "<group>";
		};
		6D1B5A10217E713800123293 /* LaunchScreen.storyboard */ = {
			isa = PBXVariantGroup;
			children = (
				6D1B5A11217E713800123293 /* Base */,
			);
			name = LaunchScreen.storyboard;
			sourceTree = "<group>";
		};
/* End PBXVariantGroup section */

/* Begin XCBuildConfiguration section */
		6D1B5A2A217E713800123293 /* Debug */ = {
			isa = XCBuildConfiguration;
			buildSettings = {
				ALWAYS_SEARCH_USER_PATHS = NO;
				CLANG_ANALYZER_NONNULL = YES;
				CLANG_ANALYZER_NUMBER_OBJECT_CONVERSION = YES_AGGRESSIVE;
				CLANG_CXX_LANGUAGE_STANDARD = "gnu++14";
				CLANG_CXX_LIBRARY = "libc++";
				CLANG_ENABLE_MODULES = YES;
				CLANG_ENABLE_OBJC_ARC = YES;
				CLANG_ENABLE_OBJC_WEAK = YES;
				CLANG_WARN_BLOCK_CAPTURE_AUTORELEASING = YES;
				CLANG_WARN_BOOL_CONVERSION = YES;
				CLANG_WARN_COMMA = YES;
				CLANG_WARN_CONSTANT_CONVERSION = YES;
				CLANG_WARN_DEPRECATED_OBJC_IMPLEMENTATIONS = YES;
				CLANG_WARN_DIRECT_OBJC_ISA_USAGE = YES_ERROR;
				CLANG_WARN_DOCUMENTATION_COMMENTS = YES;
				CLANG_WARN_EMPTY_BODY = YES;
				CLANG_WARN_ENUM_CONVERSION = YES;
				CLANG_WARN_INFINITE_RECURSION = YES;
				CLANG_WARN_INT_CONVERSION = YES;
				CLANG_WARN_NON_LITERAL_NULL_CONVERSION = YES;
				CLANG_WARN_OBJC_IMPLICIT_RETAIN_SELF = YES;
				CLANG_WARN_OBJC_LITERAL_CONVERSION = YES;
				CLANG_WARN_OBJC_ROOT_CLASS = YES_ERROR;
				CLANG_WARN_RANGE_LOOP_ANALYSIS = YES;
				CLANG_WARN_STRICT_PROTOTYPES = YES;
				CLANG_WARN_SUSPICIOUS_MOVE = YES;
				CLANG_WARN_UNGUARDED_AVAILABILITY = YES_AGGRESSIVE;
				CLANG_WARN_UNREACHABLE_CODE = YES;
				CLANG_WARN__DUPLICATE_METHOD_MATCH = YES;
				CODE_SIGN_IDENTITY = "iPhone Developer";
				COPY_PHASE_STRIP = NO;
				DEBUG_INFORMATION_FORMAT = dwarf;
				ENABLE_STRICT_OBJC_MSGSEND = YES;
				ENABLE_TESTABILITY = YES;
				GCC_C_LANGUAGE_STANDARD = gnu11;
				GCC_DYNAMIC_NO_PIC = NO;
				GCC_NO_COMMON_BLOCKS = YES;
				GCC_OPTIMIZATION_LEVEL = 0;
				GCC_PREPROCESSOR_DEFINITIONS = (
					"DEBUG=1",
					"$(inherited)",
				);
				GCC_WARN_64_TO_32_BIT_CONVERSION = YES;
				GCC_WARN_ABOUT_RETURN_TYPE = YES_ERROR;
				GCC_WARN_UNDECLARED_SELECTOR = YES;
				GCC_WARN_UNINITIALIZED_AUTOS = YES_AGGRESSIVE;
				GCC_WARN_UNUSED_FUNCTION = YES;
				GCC_WARN_UNUSED_VARIABLE = YES;
				IPHONEOS_DEPLOYMENT_TARGET = 12.0;
				MTL_ENABLE_DEBUG_INFO = INCLUDE_SOURCE;
				MTL_FAST_MATH = YES;
				ONLY_ACTIVE_ARCH = YES;
				SDKROOT = iphoneos;
				SWIFT_ACTIVE_COMPILATION_CONDITIONS = DEBUG;
				SWIFT_OPTIMIZATION_LEVEL = "-Onone";
			};
			name = Debug;
		};
		6D1B5A2B217E713800123293 /* Release */ = {
			isa = XCBuildConfiguration;
			buildSettings = {
				ALWAYS_SEARCH_USER_PATHS = NO;
				CLANG_ANALYZER_NONNULL = YES;
				CLANG_ANALYZER_NUMBER_OBJECT_CONVERSION = YES_AGGRESSIVE;
				CLANG_CXX_LANGUAGE_STANDARD = "gnu++14";
				CLANG_CXX_LIBRARY = "libc++";
				CLANG_ENABLE_MODULES = YES;
				CLANG_ENABLE_OBJC_ARC = YES;
				CLANG_ENABLE_OBJC_WEAK = YES;
				CLANG_WARN_BLOCK_CAPTURE_AUTORELEASING = YES;
				CLANG_WARN_BOOL_CONVERSION = YES;
				CLANG_WARN_COMMA = YES;
				CLANG_WARN_CONSTANT_CONVERSION = YES;
				CLANG_WARN_DEPRECATED_OBJC_IMPLEMENTATIONS = YES;
				CLANG_WARN_DIRECT_OBJC_ISA_USAGE = YES_ERROR;
				CLANG_WARN_DOCUMENTATION_COMMENTS = YES;
				CLANG_WARN_EMPTY_BODY = YES;
				CLANG_WARN_ENUM_CONVERSION = YES;
				CLANG_WARN_INFINITE_RECURSION = YES;
				CLANG_WARN_INT_CONVERSION = YES;
				CLANG_WARN_NON_LITERAL_NULL_CONVERSION = YES;
				CLANG_WARN_OBJC_IMPLICIT_RETAIN_SELF = YES;
				CLANG_WARN_OBJC_LITERAL_CONVERSION = YES;
				CLANG_WARN_OBJC_ROOT_CLASS = YES_ERROR;
				CLANG_WARN_RANGE_LOOP_ANALYSIS = YES;
				CLANG_WARN_STRICT_PROTOTYPES = YES;
				CLANG_WARN_SUSPICIOUS_MOVE = YES;
				CLANG_WARN_UNGUARDED_AVAILABILITY = YES_AGGRESSIVE;
				CLANG_WARN_UNREACHABLE_CODE = YES;
				CLANG_WARN__DUPLICATE_METHOD_MATCH = YES;
				CODE_SIGN_IDENTITY = "iPhone Developer";
				COPY_PHASE_STRIP = NO;
				DEBUG_INFORMATION_FORMAT = "dwarf-with-dsym";
				ENABLE_NS_ASSERTIONS = NO;
				ENABLE_STRICT_OBJC_MSGSEND = YES;
				GCC_C_LANGUAGE_STANDARD = gnu11;
				GCC_NO_COMMON_BLOCKS = YES;
				GCC_WARN_64_TO_32_BIT_CONVERSION = YES;
				GCC_WARN_ABOUT_RETURN_TYPE = YES_ERROR;
				GCC_WARN_UNDECLARED_SELECTOR = YES;
				GCC_WARN_UNINITIALIZED_AUTOS = YES_AGGRESSIVE;
				GCC_WARN_UNUSED_FUNCTION = YES;
				GCC_WARN_UNUSED_VARIABLE = YES;
				IPHONEOS_DEPLOYMENT_TARGET = 12.0;
				MTL_ENABLE_DEBUG_INFO = NO;
				MTL_FAST_MATH = YES;
				SDKROOT = iphoneos;
				SWIFT_COMPILATION_MODE = wholemodule;
				SWIFT_OPTIMIZATION_LEVEL = "-O";
				VALIDATE_PRODUCT = YES;
			};
			name = Release;
		};
		6D1B5A2D217E713800123293 /* Debug */ = {
			isa = XCBuildConfiguration;
			buildSettings = {
				ASSETCATALOG_COMPILER_APPICON_NAME = AppIcon;
				CODE_SIGN_IDENTITY = "iPhone Developer";
				CODE_SIGN_STYLE = Automatic;
				DEVELOPMENT_TEAM = RK47PQ6456;
				INFOPLIST_FILE = HelloReceiptClassifier/Info.plist;
				LD_RUNPATH_SEARCH_PATHS = (
					"$(inherited)",
					"@executable_path/Frameworks",
				);
				PRODUCT_BUNDLE_IDENTIFIER = VijayVontela.ReceiptClassifier;
				PRODUCT_NAME = "$(TARGET_NAME)";
				PROVISIONING_PROFILE_SPECIFIER = "";
				SWIFT_VERSION = 4.2;
				TARGETED_DEVICE_FAMILY = "1,2";
			};
			name = Debug;
		};
		6D1B5A2E217E713800123293 /* Release */ = {
			isa = XCBuildConfiguration;
			buildSettings = {
				ASSETCATALOG_COMPILER_APPICON_NAME = AppIcon;
				CODE_SIGN_IDENTITY = "iPhone Developer";
				CODE_SIGN_STYLE = Automatic;
				DEVELOPMENT_TEAM = RK47PQ6456;
				INFOPLIST_FILE = HelloReceiptClassifier/Info.plist;
				LD_RUNPATH_SEARCH_PATHS = (
					"$(inherited)",
					"@executable_path/Frameworks",
				);
				PRODUCT_BUNDLE_IDENTIFIER = VijayVontela.ReceiptClassifier;
				PRODUCT_NAME = "$(TARGET_NAME)";
				PROVISIONING_PROFILE_SPECIFIER = "";
				SWIFT_VERSION = 4.2;
				TARGETED_DEVICE_FAMILY = "1,2";
			};
			name = Release;
		};
		6D1B5A30217E713800123293 /* Debug */ = {
			isa = XCBuildConfiguration;
			buildSettings = {
				ALWAYS_EMBED_SWIFT_STANDARD_LIBRARIES = YES;
				BUNDLE_LOADER = "$(TEST_HOST)";
				CODE_SIGN_STYLE = Automatic;
				INFOPLIST_FILE = HelloReceiptClassifierTests/Info.plist;
				LD_RUNPATH_SEARCH_PATHS = (
					"$(inherited)",
					"@executable_path/Frameworks",
					"@loader_path/Frameworks",
				);
				PRODUCT_BUNDLE_IDENTIFIER = vijay.HelloReceiptClassifierTests;
				PRODUCT_NAME = "$(TARGET_NAME)";
				SWIFT_VERSION = 4.2;
				TARGETED_DEVICE_FAMILY = "1,2";
				TEST_HOST = "$(BUILT_PRODUCTS_DIR)/HelloReceiptClassifier.app/HelloReceiptClassifier";
			};
			name = Debug;
		};
		6D1B5A31217E713800123293 /* Release */ = {
			isa = XCBuildConfiguration;
			buildSettings = {
				ALWAYS_EMBED_SWIFT_STANDARD_LIBRARIES = YES;
				BUNDLE_LOADER = "$(TEST_HOST)";
				CODE_SIGN_STYLE = Automatic;
				INFOPLIST_FILE = HelloReceiptClassifierTests/Info.plist;
				LD_RUNPATH_SEARCH_PATHS = (
					"$(inherited)",
					"@executable_path/Frameworks",
					"@loader_path/Frameworks",
				);
				PRODUCT_BUNDLE_IDENTIFIER = vijay.HelloReceiptClassifierTests;
				PRODUCT_NAME = "$(TARGET_NAME)";
				SWIFT_VERSION = 4.2;
				TARGETED_DEVICE_FAMILY = "1,2";
				TEST_HOST = "$(BUILT_PRODUCTS_DIR)/HelloReceiptClassifier.app/HelloReceiptClassifier";
			};
			name = Release;
		};
		6D1B5A33217E713800123293 /* Debug */ = {
			isa = XCBuildConfiguration;
			buildSettings = {
				ALWAYS_EMBED_SWIFT_STANDARD_LIBRARIES = YES;
				CODE_SIGN_STYLE = Automatic;
				INFOPLIST_FILE = HelloReceiptClassifierUITests/Info.plist;
				LD_RUNPATH_SEARCH_PATHS = (
					"$(inherited)",
					"@executable_path/Frameworks",
					"@loader_path/Frameworks",
				);
				PRODUCT_BUNDLE_IDENTIFIER = vijay.HelloReceiptClassifierUITests;
				PRODUCT_NAME = "$(TARGET_NAME)";
				SWIFT_VERSION = 4.2;
				TARGETED_DEVICE_FAMILY = "1,2";
				TEST_TARGET_NAME = HelloReceiptClassifier;
			};
			name = Debug;
		};
		6D1B5A34217E713800123293 /* Release */ = {
			isa = XCBuildConfiguration;
			buildSettings = {
				ALWAYS_EMBED_SWIFT_STANDARD_LIBRARIES = YES;
				CODE_SIGN_STYLE = Automatic;
				INFOPLIST_FILE = HelloReceiptClassifierUITests/Info.plist;
				LD_RUNPATH_SEARCH_PATHS = (
					"$(inherited)",
					"@executable_path/Frameworks",
					"@loader_path/Frameworks",
				);
				PRODUCT_BUNDLE_IDENTIFIER = vijay.HelloReceiptClassifierUITests;
				PRODUCT_NAME = "$(TARGET_NAME)";
				SWIFT_VERSION = 4.2;
				TARGETED_DEVICE_FAMILY = "1,2";
				TEST_TARGET_NAME = HelloReceiptClassifier;
			};
			name = Release;
		};
/* End XCBuildConfiguration section */

/* Begin XCConfigurationList section */
		6D1B59FF217E713700123293 /* Build configuration list for PBXProject "HelloReceiptClassifier" */ = {
			isa = XCConfigurationList;
			buildConfigurations = (
				6D1B5A2A217E713800123293 /* Debug */,
				6D1B5A2B217E713800123293 /* Release */,
			);
			defaultConfigurationIsVisible = 0;
			defaultConfigurationName = Release;
		};
		6D1B5A2C217E713800123293 /* Build configuration list for PBXNativeTarget "HelloReceiptClassifier" */ = {
			isa = XCConfigurationList;
			buildConfigurations = (
				6D1B5A2D217E713800123293 /* Debug */,
				6D1B5A2E217E713800123293 /* Release */,
			);
			defaultConfigurationIsVisible = 0;
			defaultConfigurationName = Release;
		};
		6D1B5A2F217E713800123293 /* Build configuration list for PBXNativeTarget "HelloReceiptClassifierTests" */ = {
			isa = XCConfigurationList;
			buildConfigurations = (
				6D1B5A30217E713800123293 /* Debug */,
				6D1B5A31217E713800123293 /* Release */,
			);
			defaultConfigurationIsVisible = 0;
			defaultConfigurationName = Release;
		};
		6D1B5A32217E713800123293 /* Build configuration list for PBXNativeTarget "HelloReceiptClassifierUITests" */ = {
			isa = XCConfigurationList;
			buildConfigurations = (
				6D1B5A33217E713800123293 /* Debug */,
				6D1B5A34217E713800123293 /* Release */,
			);
			defaultConfigurationIsVisible = 0;
			defaultConfigurationName = Release;
		};
/* End XCConfigurationList section */
	};
	rootObject = 6D1B59FC217E713700123293 /* Project object */;
}
